// !$*UTF8*$!
{
	archiveVersion = 1;
	classes = {
	};
	objectVersion = 46;
	objects = {

/* Begin PBXBuildFile section */
		B60DB172151E690F00707324 /* USStateAbbreviations.plist in Resources */ = {isa = PBXBuildFile; fileRef = B60DB171151E690E00707324 /* USStateAbbreviations.plist */; };
		B614401114E7546200D88B21 /* UIKit.framework in Frameworks */ = {isa = PBXBuildFile; fileRef = B614401014E7546200D88B21 /* UIKit.framework */; };
		B614401314E7546200D88B21 /* Foundation.framework in Frameworks */ = {isa = PBXBuildFile; fileRef = B614401214E7546200D88B21 /* Foundation.framework */; };
		B614401514E7546200D88B21 /* CoreGraphics.framework in Frameworks */ = {isa = PBXBuildFile; fileRef = B614401414E7546200D88B21 /* CoreGraphics.framework */; };
		B614401B14E7546200D88B21 /* InfoPlist.strings in Resources */ = {isa = PBXBuildFile; fileRef = B614401914E7546200D88B21 /* InfoPlist.strings */; };
		B614401D14E7546200D88B21 /* main.m in Sources */ = {isa = PBXBuildFile; fileRef = B614401C14E7546200D88B21 /* main.m */; };
		B614402114E7546200D88B21 /* RespondAppDelegate.m in Sources */ = {isa = PBXBuildFile; fileRef = B614402014E7546200D88B21 /* RespondAppDelegate.m */; };
		B614402414E7546200D88B21 /* RespondHistoryViewController.m in Sources */ = {isa = PBXBuildFile; fileRef = B614402314E7546200D88B21 /* RespondHistoryViewController.m */; };
		B614402714E7546200D88B21 /* RespondHistoryDetailViewController.m in Sources */ = {isa = PBXBuildFile; fileRef = B614402614E7546200D88B21 /* RespondHistoryDetailViewController.m */; };
		B61B4768150EF7A90009F8AE /* can-not-connect.png in Resources */ = {isa = PBXBuildFile; fileRef = B61B4767150EF7A90009F8AE /* can-not-connect.png */; };
		B6295DCC1548F1B40079E54F /* PbAddressAnnotation.m in Sources */ = {isa = PBXBuildFile; fileRef = B6295DCB1548F1B40079E54F /* PbAddressAnnotation.m */; };
		B62D061014FF03840087D080 /* MobileCoreServices.framework in Frameworks */ = {isa = PBXBuildFile; fileRef = B62D060F14FF03840087D080 /* MobileCoreServices.framework */; };
		B62E262A1511A355008CF2C9 /* RequestEntity.m in Sources */ = {isa = PBXBuildFile; fileRef = B62E26291511A355008CF2C9 /* RequestEntity.m */; };
		B62E262E1511A62F008CF2C9 /* PropertyEntity.m in Sources */ = {isa = PBXBuildFile; fileRef = B62E262D1511A62F008CF2C9 /* PropertyEntity.m */; };
		B62E26311511A7B9008CF2C9 /* EntityBase.m in Sources */ = {isa = PBXBuildFile; fileRef = B62E26301511A7B9008CF2C9 /* EntityBase.m */; };
		B62E26341511AD0B008CF2C9 /* ItemEntity.m in Sources */ = {isa = PBXBuildFile; fileRef = B62E26331511AD0A008CF2C9 /* ItemEntity.m */; };
		B6303A0B1501A185006E2122 /* warning.png in Resources */ = {isa = PBXBuildFile; fileRef = B6303A0A1501A185006E2122 /* warning.png */; };
		B632AFCA15211A17000DA100 /* gradient-header.png in Resources */ = {isa = PBXBuildFile; fileRef = B632AFC915211A17000DA100 /* gradient-header.png */; };
		B632AFCC15211B2E000DA100 /* camera-shoot.png in Resources */ = {isa = PBXBuildFile; fileRef = B632AFCB15211B2E000DA100 /* camera-shoot.png */; };
		B634112214EF67210062C937 /* YAJLiOS.framework in Frameworks */ = {isa = PBXBuildFile; fileRef = B634112114EF67210062C937 /* YAJLiOS.framework */; };
		B6344BC115087DD2007046FB /* camera.png in Resources */ = {isa = PBXBuildFile; fileRef = B6344BC015087DD2007046FB /* camera.png */; };
		B638C615151827D5000977FF /* PbReceivesDelimitedString.h in Resources */ = {isa = PBXBuildFile; fileRef = B638C614151827D5000977FF /* PbReceivesDelimitedString.h */; };
		B638C61C151831D0000977FF /* RequiredFormEntity.m in Sources */ = {isa = PBXBuildFile; fileRef = B638C61B151831D0000977FF /* RequiredFormEntity.m */; };
		B638C61F151832FA000977FF /* RequiredFormCollection.m in Sources */ = {isa = PBXBuildFile; fileRef = B638C61E151832FA000977FF /* RequiredFormCollection.m */; };
		B64EB5E714F02733002E1A8C /* MainStoryboard_iPhone.storyboard in Resources */ = {isa = PBXBuildFile; fileRef = B64EB5E614F02733002E1A8C /* MainStoryboard_iPhone.storyboard */; };
		B64EB5EE14F04408002E1A8C /* add-26.png in Resources */ = {isa = PBXBuildFile; fileRef = B64EB5ED14F04408002E1A8C /* add-26.png */; };
		B64EB5F314F04D4C002E1A8C /* RespondConstants.m in Sources */ = {isa = PBXBuildFile; fileRef = B64EB5F214F04D4C002E1A8C /* RespondConstants.m */; };
		B6647FEE15392DCF009CFAA9 /* Base64.m in Sources */ = {isa = PBXBuildFile; fileRef = B6647FED15392DCF009CFAA9 /* Base64.m */; };
		B66718EE14E9E200006007B7 /* 03-loopback.png in Resources */ = {isa = PBXBuildFile; fileRef = B66718ED14E9E200006007B7 /* 03-loopback.png */; };
		B66718F114E9E26D006007B7 /* 19-gear.png in Resources */ = {isa = PBXBuildFile; fileRef = B66718F014E9E26D006007B7 /* 19-gear.png */; };
		B66718F414E9E40B006007B7 /* 20-gear2.png in Resources */ = {isa = PBXBuildFile; fileRef = B66718F214E9E40B006007B7 /* 20-gear2.png */; };
		B66718F514E9E40B006007B7 /* 28-star.png in Resources */ = {isa = PBXBuildFile; fileRef = B66718F314E9E40B006007B7 /* 28-star.png */; };
		B66F5B831515441100AF4825 /* ItemEntityCollection.m in Sources */ = {isa = PBXBuildFile; fileRef = B66F5B821515441100AF4825 /* ItemEntityCollection.m */; };
		B67669B115144E0B00A8EBC8 /* EntityCollection.m in Sources */ = {isa = PBXBuildFile; fileRef = B67669B015144E0B00A8EBC8 /* EntityCollection.m */; };
		B67669B41514509000A8EBC8 /* RequestEntityCollection.m in Sources */ = {isa = PBXBuildFile; fileRef = B67669B31514509000A8EBC8 /* RequestEntityCollection.m */; };
		B67E89E314F84F1E00687B5E /* todo.png in Resources */ = {isa = PBXBuildFile; fileRef = B67E89E214F84F1E00687B5E /* todo.png */; };
		B67E89E514F850B700687B5E /* add.png in Resources */ = {isa = PBXBuildFile; fileRef = B67E89E414F850B700687B5E /* add.png */; };
		B67E89E714F8515500687B5E /* profile.png in Resources */ = {isa = PBXBuildFile; fileRef = B67E89E614F8515500687B5E /* profile.png */; };
		B696E622150AEAEE001CC24E /* menu_image.png in Resources */ = {isa = PBXBuildFile; fileRef = B696E621150AEAED001CC24E /* menu_image.png */; };
		B69B580114EC79B50048501D /* 03-loopback-96.png in Resources */ = {isa = PBXBuildFile; fileRef = B69B57F714EC79B50048501D /* 03-loopback-96.png */; };
		B69B580214EC79B50048501D /* 20-gear-96.png in Resources */ = {isa = PBXBuildFile; fileRef = B69B57F814EC79B50048501D /* 20-gear-96.png */; };
		B69B580314EC79B50048501D /* 59-flag-96.png in Resources */ = {isa = PBXBuildFile; fileRef = B69B57F914EC79B50048501D /* 59-flag-96.png */; };
		B69B580414EC79B50048501D /* 59-flag.png in Resources */ = {isa = PBXBuildFile; fileRef = B69B57FA14EC79B50048501D /* 59-flag.png */; };
		B69B580514EC79B50048501D /* check-96.png in Resources */ = {isa = PBXBuildFile; fileRef = B69B57FB14EC79B50048501D /* check-96.png */; };
		B69B580614EC79B50048501D /* clock-96.png in Resources */ = {isa = PBXBuildFile; fileRef = B69B57FC14EC79B50048501D /* clock-96.png */; };
		B69B580714EC79B50048501D /* geoarrow-96.png in Resources */ = {isa = PBXBuildFile; fileRef = B69B57FD14EC79B50048501D /* geoarrow-96.png */; };
		B69B580814EC79B50048501D /* mailbox-96.png in Resources */ = {isa = PBXBuildFile; fileRef = B69B57FE14EC79B50048501D /* mailbox-96.png */; };
		B69B580914EC79B50048501D /* profile-96.png in Resources */ = {isa = PBXBuildFile; fileRef = B69B57FF14EC79B50048501D /* profile-96.png */; };
		B69B580A14EC79B50048501D /* star-96.png in Resources */ = {isa = PBXBuildFile; fileRef = B69B580014EC79B50048501D /* star-96.png */; };
		B69FF3AE14E7619F00D68694 /* QuartzCore.framework in Frameworks */ = {isa = PBXBuildFile; fileRef = B69FF3AD14E7619F00D68694 /* QuartzCore.framework */; };
		B6AB4C1B14F09EDC003BA868 /* tag.png in Resources */ = {isa = PBXBuildFile; fileRef = B6AB4C1A14F09EDC003BA868 /* tag.png */; };
		B6BEFC3B15083FD40079832C /* Configuration.plist in Resources */ = {isa = PBXBuildFile; fileRef = B6BEFC3A15083FD40079832C /* Configuration.plist */; };
		B6BEFC3E150840880079832C /* ConfigurationData.m in Sources */ = {isa = PBXBuildFile; fileRef = B6BEFC3D150840880079832C /* ConfigurationData.m */; };
		B6C79874151662D600C7E6A0 /* RespondNewPickRequiredFormsViewController.m in Sources */ = {isa = PBXBuildFile; fileRef = B6C79873151662D600C7E6A0 /* RespondNewPickRequiredFormsViewController.m */; };
		B6DCB8B814FC5A1800ACE466 /* map-marker.png in Resources */ = {isa = PBXBuildFile; fileRef = B6DCB8B714FC5A1800ACE466 /* map-marker.png */; };
		B6DCB8BA14FC5BBD00ACE466 /* CoreLocation.framework in Frameworks */ = {isa = PBXBuildFile; fileRef = B6DCB8B914FC5BBD00ACE466 /* CoreLocation.framework */; };
		B6DCB8C214FC5CD900ACE466 /* RespondNewViewController.m in Sources */ = {isa = PBXBuildFile; fileRef = B6DCB8C114FC5CD900ACE466 /* RespondNewViewController.m */; };
		B6DCB8C514FC5DE800ACE466 /* PbCLClassController.m in Sources */ = {isa = PBXBuildFile; fileRef = B6DCB8C414FC5DE800ACE466 /* PbCLClassController.m */; };
		B6E42892152BE1B700CA32C3 /* MapKit.framework in Frameworks */ = {isa = PBXBuildFile; fileRef = B6DCB8C614FC69D300ACE466 /* MapKit.framework */; };
		B6E42895152BE4E600CA32C3 /* RespondMapViewController.m in Sources */ = {isa = PBXBuildFile; fileRef = B6E42894152BE4E600CA32C3 /* RespondMapViewController.m */; };
		B6E6CD5C14F5AD82009A061B /* RespondItemsViewController.m in Sources */ = {isa = PBXBuildFile; fileRef = B6E6CD5B14F5AD82009A061B /* RespondItemsViewController.m */; };
		B6E6CD6514F5C3A3009A061B /* landscape_ph.png in Resources */ = {isa = PBXBuildFile; fileRef = B6E6CD6414F5C3A3009A061B /* landscape_ph.png */; };
/* End PBXBuildFile section */

/* Begin PBXFileReference section */
		B60DB171151E690E00707324 /* USStateAbbreviations.plist */ = {isa = PBXFileReference; fileEncoding = 4; lastKnownFileType = text.plist.xml; path = USStateAbbreviations.plist; sourceTree = "<group>"; };
		B614400C14E7546200D88B21 /* Respond.app */ = {isa = PBXFileReference; explicitFileType = wrapper.application; includeInIndex = 0; path = Respond.app; sourceTree = BUILT_PRODUCTS_DIR; };
		B614401014E7546200D88B21 /* UIKit.framework */ = {isa = PBXFileReference; lastKnownFileType = wrapper.framework; name = UIKit.framework; path = System/Library/Frameworks/UIKit.framework; sourceTree = SDKROOT; };
		B614401214E7546200D88B21 /* Foundation.framework */ = {isa = PBXFileReference; lastKnownFileType = wrapper.framework; name = Foundation.framework; path = System/Library/Frameworks/Foundation.framework; sourceTree = SDKROOT; };
		B614401414E7546200D88B21 /* CoreGraphics.framework */ = {isa = PBXFileReference; lastKnownFileType = wrapper.framework; name = CoreGraphics.framework; path = System/Library/Frameworks/CoreGraphics.framework; sourceTree = SDKROOT; };
		B614401814E7546200D88B21 /* Respond-Info.plist */ = {isa = PBXFileReference; lastKnownFileType = text.plist.xml; path = "Respond-Info.plist"; sourceTree = "<group>"; };
		B614401A14E7546200D88B21 /* en */ = {isa = PBXFileReference; lastKnownFileType = text.plist.strings; name = en; path = en.lproj/InfoPlist.strings; sourceTree = "<group>"; };
		B614401C14E7546200D88B21 /* main.m */ = {isa = PBXFileReference; lastKnownFileType = sourcecode.c.objc; path = main.m; sourceTree = "<group>"; };
		B614401E14E7546200D88B21 /* Respond-Prefix.pch */ = {isa = PBXFileReference; lastKnownFileType = sourcecode.c.h; path = "Respond-Prefix.pch"; sourceTree = "<group>"; };
		B614401F14E7546200D88B21 /* RespondAppDelegate.h */ = {isa = PBXFileReference; lastKnownFileType = sourcecode.c.h; path = RespondAppDelegate.h; sourceTree = "<group>"; };
		B614402014E7546200D88B21 /* RespondAppDelegate.m */ = {isa = PBXFileReference; lastKnownFileType = sourcecode.c.objc; path = RespondAppDelegate.m; sourceTree = "<group>"; };
		B614402214E7546200D88B21 /* RespondHistoryViewController.h */ = {isa = PBXFileReference; lastKnownFileType = sourcecode.c.h; path = RespondHistoryViewController.h; sourceTree = "<group>"; };
		B614402314E7546200D88B21 /* RespondHistoryViewController.m */ = {isa = PBXFileReference; lastKnownFileType = sourcecode.c.objc; path = RespondHistoryViewController.m; sourceTree = "<group>"; };
		B614402514E7546200D88B21 /* RespondHistoryDetailViewController.h */ = {isa = PBXFileReference; lastKnownFileType = sourcecode.c.h; path = RespondHistoryDetailViewController.h; sourceTree = "<group>"; };
		B614402614E7546200D88B21 /* RespondHistoryDetailViewController.m */ = {isa = PBXFileReference; lastKnownFileType = sourcecode.c.objc; path = RespondHistoryDetailViewController.m; sourceTree = "<group>"; };
		B61B4767150EF7A90009F8AE /* can-not-connect.png */ = {isa = PBXFileReference; lastKnownFileType = image.png; path = "can-not-connect.png"; sourceTree = "<group>"; };
		B6295DCA1548F1B40079E54F /* PbAddressAnnotation.h */ = {isa = PBXFileReference; fileEncoding = 4; lastKnownFileType = sourcecode.c.h; path = PbAddressAnnotation.h; sourceTree = "<group>"; };
		B6295DCB1548F1B40079E54F /* PbAddressAnnotation.m */ = {isa = PBXFileReference; fileEncoding = 4; lastKnownFileType = sourcecode.c.objc; path = PbAddressAnnotation.m; sourceTree = "<group>"; };
		B62D060F14FF03840087D080 /* MobileCoreServices.framework */ = {isa = PBXFileReference; lastKnownFileType = wrapper.framework; name = MobileCoreServices.framework; path = System/Library/Frameworks/MobileCoreServices.framework; sourceTree = SDKROOT; };
		B62E26281511A355008CF2C9 /* RequestEntity.h */ = {isa = PBXFileReference; fileEncoding = 4; lastKnownFileType = sourcecode.c.h; path = RequestEntity.h; sourceTree = "<group>"; };
		B62E26291511A355008CF2C9 /* RequestEntity.m */ = {isa = PBXFileReference; fileEncoding = 4; lastKnownFileType = sourcecode.c.objc; path = RequestEntity.m; sourceTree = "<group>"; };
		B62E262C1511A62F008CF2C9 /* PropertyEntity.h */ = {isa = PBXFileReference; fileEncoding = 4; lastKnownFileType = sourcecode.c.h; path = PropertyEntity.h; sourceTree = "<group>"; };
		B62E262D1511A62F008CF2C9 /* PropertyEntity.m */ = {isa = PBXFileReference; fileEncoding = 4; lastKnownFileType = sourcecode.c.objc; path = PropertyEntity.m; sourceTree = "<group>"; };
		B62E262F1511A7B9008CF2C9 /* EntityBase.h */ = {isa = PBXFileReference; fileEncoding = 4; lastKnownFileType = sourcecode.c.h; path = EntityBase.h; sourceTree = "<group>"; };
		B62E26301511A7B9008CF2C9 /* EntityBase.m */ = {isa = PBXFileReference; fileEncoding = 4; lastKnownFileType = sourcecode.c.objc; path = EntityBase.m; sourceTree = "<group>"; };
		B62E26321511AD0A008CF2C9 /* ItemEntity.h */ = {isa = PBXFileReference; fileEncoding = 4; lastKnownFileType = sourcecode.c.h; path = ItemEntity.h; sourceTree = "<group>"; };
		B62E26331511AD0A008CF2C9 /* ItemEntity.m */ = {isa = PBXFileReference; fileEncoding = 4; lastKnownFileType = sourcecode.c.objc; path = ItemEntity.m; sourceTree = "<group>"; };
		B6303A0A1501A185006E2122 /* warning.png */ = {isa = PBXFileReference; lastKnownFileType = image.png; path = warning.png; sourceTree = "<group>"; };
		B632AFC915211A17000DA100 /* gradient-header.png */ = {isa = PBXFileReference; lastKnownFileType = image.png; path = "gradient-header.png"; sourceTree = "<group>"; };
		B632AFCB15211B2E000DA100 /* camera-shoot.png */ = {isa = PBXFileReference; lastKnownFileType = image.png; path = "camera-shoot.png"; sourceTree = "<group>"; };
		B634112114EF67210062C937 /* YAJLiOS.framework */ = {isa = PBXFileReference; lastKnownFileType = wrapper.framework; path = YAJLiOS.framework; sourceTree = "<group>"; };
		B6344BC015087DD2007046FB /* camera.png */ = {isa = PBXFileReference; lastKnownFileType = image.png; path = camera.png; sourceTree = "<group>"; };
		B637429F1513F282007C3167 /* PbConnectionDelegate.h */ = {isa = PBXFileReference; fileEncoding = 4; lastKnownFileType = sourcecode.c.h; path = PbConnectionDelegate.h; sourceTree = "<group>"; };
		B638C614151827D5000977FF /* PbReceivesDelimitedString.h */ = {isa = PBXFileReference; fileEncoding = 4; lastKnownFileType = sourcecode.c.h; path = PbReceivesDelimitedString.h; sourceTree = "<group>"; };
		B638C61A151831D0000977FF /* RequiredFormEntity.h */ = {isa = PBXFileReference; fileEncoding = 4; lastKnownFileType = sourcecode.c.h; path = RequiredFormEntity.h; sourceTree = "<group>"; };
		B638C61B151831D0000977FF /* RequiredFormEntity.m */ = {isa = PBXFileReference; fileEncoding = 4; lastKnownFileType = sourcecode.c.objc; path = RequiredFormEntity.m; sourceTree = "<group>"; };
		B638C61D151832FA000977FF /* RequiredFormCollection.h */ = {isa = PBXFileReference; fileEncoding = 4; lastKnownFileType = sourcecode.c.h; path = RequiredFormCollection.h; sourceTree = "<group>"; };
		B638C61E151832FA000977FF /* RequiredFormCollection.m */ = {isa = PBXFileReference; fileEncoding = 4; lastKnownFileType = sourcecode.c.objc; path = RequiredFormCollection.m; sourceTree = "<group>"; };
		B64EB5E614F02733002E1A8C /* MainStoryboard_iPhone.storyboard */ = {isa = PBXFileReference; fileEncoding = 4; lastKnownFileType = file.storyboard; path = MainStoryboard_iPhone.storyboard; sourceTree = "<group>"; };
		B64EB5ED14F04408002E1A8C /* add-26.png */ = {isa = PBXFileReference; lastKnownFileType = image.png; path = "add-26.png"; sourceTree = "<group>"; };
		B64EB5EF14F04C4B002E1A8C /* RespondConstants.h */ = {isa = PBXFileReference; fileEncoding = 4; lastKnownFileType = sourcecode.c.h; path = RespondConstants.h; sourceTree = "<group>"; };
		B64EB5F214F04D4C002E1A8C /* RespondConstants.m */ = {isa = PBXFileReference; fileEncoding = 4; lastKnownFileType = sourcecode.c.objc; path = RespondConstants.m; sourceTree = "<group>"; };
		B6647FEC15392DCF009CFAA9 /* Base64.h */ = {isa = PBXFileReference; fileEncoding = 4; lastKnownFileType = sourcecode.c.h; path = Base64.h; sourceTree = "<group>"; };
		B6647FED15392DCF009CFAA9 /* Base64.m */ = {isa = PBXFileReference; fileEncoding = 4; lastKnownFileType = sourcecode.c.objc; path = Base64.m; sourceTree = "<group>"; };
		B66718ED14E9E200006007B7 /* 03-loopback.png */ = {isa = PBXFileReference; lastKnownFileType = image.png; path = "03-loopback.png"; sourceTree = "<group>"; };
		B66718F014E9E26D006007B7 /* 19-gear.png */ = {isa = PBXFileReference; lastKnownFileType = image.png; path = "19-gear.png"; sourceTree = "<group>"; };
		B66718F214E9E40B006007B7 /* 20-gear2.png */ = {isa = PBXFileReference; lastKnownFileType = image.png; path = "20-gear2.png"; sourceTree = "<group>"; };
		B66718F314E9E40B006007B7 /* 28-star.png */ = {isa = PBXFileReference; lastKnownFileType = image.png; path = "28-star.png"; sourceTree = "<group>"; };
		B66F5B811515441100AF4825 /* ItemEntityCollection.h */ = {isa = PBXFileReference; fileEncoding = 4; lastKnownFileType = sourcecode.c.h; path = ItemEntityCollection.h; sourceTree = "<group>"; };
		B66F5B821515441100AF4825 /* ItemEntityCollection.m */ = {isa = PBXFileReference; fileEncoding = 4; lastKnownFileType = sourcecode.c.objc; path = ItemEntityCollection.m; sourceTree = "<group>"; };
		B67669AF15144E0B00A8EBC8 /* EntityCollection.h */ = {isa = PBXFileReference; fileEncoding = 4; lastKnownFileType = sourcecode.c.h; path = EntityCollection.h; sourceTree = "<group>"; };
		B67669B015144E0B00A8EBC8 /* EntityCollection.m */ = {isa = PBXFileReference; fileEncoding = 4; lastKnownFileType = sourcecode.c.objc; path = EntityCollection.m; sourceTree = "<group>"; };
		B67669B21514509000A8EBC8 /* RequestEntityCollection.h */ = {isa = PBXFileReference; fileEncoding = 4; lastKnownFileType = sourcecode.c.h; path = RequestEntityCollection.h; sourceTree = "<group>"; };
		B67669B31514509000A8EBC8 /* RequestEntityCollection.m */ = {isa = PBXFileReference; fileEncoding = 4; lastKnownFileType = sourcecode.c.objc; path = RequestEntityCollection.m; sourceTree = "<group>"; };
		B67E89E214F84F1E00687B5E /* todo.png */ = {isa = PBXFileReference; lastKnownFileType = image.png; path = todo.png; sourceTree = "<group>"; };
		B67E89E414F850B700687B5E /* add.png */ = {isa = PBXFileReference; lastKnownFileType = image.png; path = add.png; sourceTree = "<group>"; };
		B67E89E614F8515500687B5E /* profile.png */ = {isa = PBXFileReference; lastKnownFileType = image.png; path = profile.png; sourceTree = "<group>"; };
		B696E621150AEAED001CC24E /* menu_image.png */ = {isa = PBXFileReference; lastKnownFileType = image.png; path = menu_image.png; sourceTree = "<group>"; };
		B69B57F714EC79B50048501D /* 03-loopback-96.png */ = {isa = PBXFileReference; lastKnownFileType = image.png; path = "03-loopback-96.png"; sourceTree = "<group>"; };
		B69B57F814EC79B50048501D /* 20-gear-96.png */ = {isa = PBXFileReference; lastKnownFileType = image.png; path = "20-gear-96.png"; sourceTree = "<group>"; };
		B69B57F914EC79B50048501D /* 59-flag-96.png */ = {isa = PBXFileReference; lastKnownFileType = image.png; path = "59-flag-96.png"; sourceTree = "<group>"; };
		B69B57FA14EC79B50048501D /* 59-flag.png */ = {isa = PBXFileReference; lastKnownFileType = image.png; path = "59-flag.png"; sourceTree = "<group>"; };
		B69B57FB14EC79B50048501D /* check-96.png */ = {isa = PBXFileReference; lastKnownFileType = image.png; path = "check-96.png"; sourceTree = "<group>"; };
		B69B57FC14EC79B50048501D /* clock-96.png */ = {isa = PBXFileReference; lastKnownFileType = image.png; path = "clock-96.png"; sourceTree = "<group>"; };
		B69B57FD14EC79B50048501D /* geoarrow-96.png */ = {isa = PBXFileReference; lastKnownFileType = image.png; path = "geoarrow-96.png"; sourceTree = "<group>"; };
		B69B57FE14EC79B50048501D /* mailbox-96.png */ = {isa = PBXFileReference; lastKnownFileType = image.png; path = "mailbox-96.png"; sourceTree = "<group>"; };
		B69B57FF14EC79B50048501D /* profile-96.png */ = {isa = PBXFileReference; lastKnownFileType = image.png; path = "profile-96.png"; sourceTree = "<group>"; };
		B69B580014EC79B50048501D /* star-96.png */ = {isa = PBXFileReference; lastKnownFileType = image.png; path = "star-96.png"; sourceTree = "<group>"; };
		B69FF31614E75F3B00D68694 /* libThree20.a */ = {isa = PBXFileReference; lastKnownFileType = archive.ar; name = libThree20.a; path = "/Users/tparkinson/Dropbox/Code/iOS/Three20/Three20/../../Build/Products/Release-iphoneos/libThree20.a"; sourceTree = "<absolute>"; };
		B69FF31714E75F3B00D68694 /* libThree20Network.a */ = {isa = PBXFileReference; lastKnownFileType = archive.ar; name = libThree20Network.a; path = "/Users/tparkinson/Dropbox/Code/iOS/Three20/Three20Network/../../Build/Products/Release-iphoneos/libThree20Network.a"; sourceTree = "<absolute>"; };
		B69FF31814E75F3B00D68694 /* libThree20Style.a */ = {isa = PBXFileReference; lastKnownFileType = archive.ar; name = libThree20Style.a; path = "/Users/tparkinson/Dropbox/Code/iOS/Three20/Three20Style/../../Build/Products/Release-iphoneos/libThree20Style.a"; sourceTree = "<absolute>"; };
		B69FF31914E75F3B00D68694 /* libThree20UI.a */ = {isa = PBXFileReference; lastKnownFileType = archive.ar; name = libThree20UI.a; path = "/Users/tparkinson/Dropbox/Code/iOS/Three20/Three20UI/../../Build/Products/Release-iphoneos/libThree20UI.a"; sourceTree = "<absolute>"; };
		B69FF31A14E75F3B00D68694 /* libThree20UICommon.a */ = {isa = PBXFileReference; lastKnownFileType = archive.ar; name = libThree20UICommon.a; path = "/Users/tparkinson/Dropbox/Code/iOS/Three20/Three20UICommon/../../Build/Products/Release-iphoneos/libThree20UICommon.a"; sourceTree = "<absolute>"; };
		B69FF31B14E75F3B00D68694 /* libThree20UINavigator.a */ = {isa = PBXFileReference; lastKnownFileType = archive.ar; name = libThree20UINavigator.a; path = "/Users/tparkinson/Dropbox/Code/iOS/Three20/Three20UINavigator/../../Build/Products/Release-iphoneos/libThree20UINavigator.a"; sourceTree = "<absolute>"; };
		B69FF3AD14E7619F00D68694 /* QuartzCore.framework */ = {isa = PBXFileReference; lastKnownFileType = wrapper.framework; name = QuartzCore.framework; path = System/Library/Frameworks/QuartzCore.framework; sourceTree = SDKROOT; };
		B6AB4C1A14F09EDC003BA868 /* tag.png */ = {isa = PBXFileReference; lastKnownFileType = image.png; path = tag.png; sourceTree = "<group>"; };
		B6BEFC3715082AB00079832C /* PbReceivesEntity.h */ = {isa = PBXFileReference; fileEncoding = 4; lastKnownFileType = sourcecode.c.h; path = PbReceivesEntity.h; sourceTree = "<group>"; };
		B6BEFC3A15083FD40079832C /* Configuration.plist */ = {isa = PBXFileReference; fileEncoding = 4; lastKnownFileType = text.plist.xml; path = Configuration.plist; sourceTree = "<group>"; };
		B6BEFC3C150840880079832C /* ConfigurationData.h */ = {isa = PBXFileReference; fileEncoding = 4; lastKnownFileType = sourcecode.c.h; path = ConfigurationData.h; sourceTree = "<group>"; };
		B6BEFC3D150840880079832C /* ConfigurationData.m */ = {isa = PBXFileReference; fileEncoding = 4; lastKnownFileType = sourcecode.c.objc; path = ConfigurationData.m; sourceTree = "<group>"; };
		B6C79872151662D600C7E6A0 /* RespondNewPickRequiredFormsViewController.h */ = {isa = PBXFileReference; fileEncoding = 4; lastKnownFileType = sourcecode.c.h; path = RespondNewPickRequiredFormsViewController.h; sourceTree = "<group>"; };
		B6C79873151662D600C7E6A0 /* RespondNewPickRequiredFormsViewController.m */ = {isa = PBXFileReference; fileEncoding = 4; lastKnownFileType = sourcecode.c.objc; path = RespondNewPickRequiredFormsViewController.m; sourceTree = "<group>"; };
		B6DCB8B714FC5A1800ACE466 /* map-marker.png */ = {isa = PBXFileReference; lastKnownFileType = image.png; path = "map-marker.png"; sourceTree = "<group>"; };
		B6DCB8B914FC5BBD00ACE466 /* CoreLocation.framework */ = {isa = PBXFileReference; lastKnownFileType = wrapper.framework; name = CoreLocation.framework; path = System/Library/Frameworks/CoreLocation.framework; sourceTree = SDKROOT; };
		B6DCB8C014FC5CD900ACE466 /* RespondNewViewController.h */ = {isa = PBXFileReference; fileEncoding = 4; lastKnownFileType = sourcecode.c.h; path = RespondNewViewController.h; sourceTree = "<group>"; };
		B6DCB8C114FC5CD900ACE466 /* RespondNewViewController.m */ = {isa = PBXFileReference; fileEncoding = 4; lastKnownFileType = sourcecode.c.objc; path = RespondNewViewController.m; sourceTree = "<group>"; };
		B6DCB8C314FC5DE800ACE466 /* PbCLClassController.h */ = {isa = PBXFileReference; fileEncoding = 4; lastKnownFileType = sourcecode.c.h; path = PbCLClassController.h; sourceTree = "<group>"; };
		B6DCB8C414FC5DE800ACE466 /* PbCLClassController.m */ = {isa = PBXFileReference; fileEncoding = 4; lastKnownFileType = sourcecode.c.objc; path = PbCLClassController.m; sourceTree = "<group>"; };
		B6DCB8C614FC69D300ACE466 /* MapKit.framework */ = {isa = PBXFileReference; lastKnownFileType = wrapper.framework; name = MapKit.framework; path = System/Library/Frameworks/MapKit.framework; sourceTree = SDKROOT; };
		B6E42893152BE4E600CA32C3 /* RespondMapViewController.h */ = {isa = PBXFileReference; fileEncoding = 4; lastKnownFileType = sourcecode.c.h; path = RespondMapViewController.h; sourceTree = "<group>"; };
		B6E42894152BE4E600CA32C3 /* RespondMapViewController.m */ = {isa = PBXFileReference; fileEncoding = 4; lastKnownFileType = sourcecode.c.objc; path = RespondMapViewController.m; sourceTree = "<group>"; };
		B6E6CD5A14F5AD82009A061B /* RespondItemsViewController.h */ = {isa = PBXFileReference; fileEncoding = 4; lastKnownFileType = sourcecode.c.h; path = RespondItemsViewController.h; sourceTree = "<group>"; };
		B6E6CD5B14F5AD82009A061B /* RespondItemsViewController.m */ = {isa = PBXFileReference; fileEncoding = 4; lastKnownFileType = sourcecode.c.objc; path = RespondItemsViewController.m; sourceTree = "<group>"; };
		B6E6CD6414F5C3A3009A061B /* landscape_ph.png */ = {isa = PBXFileReference; lastKnownFileType = image.png; path = landscape_ph.png; sourceTree = "<group>"; };
/* End PBXFileReference section */

/* Begin PBXFrameworksBuildPhase section */
		B614400914E7546200D88B21 /* Frameworks */ = {
			isa = PBXFrameworksBuildPhase;
			buildActionMask = 2147483647;
			files = (
				B6E42892152BE1B700CA32C3 /* MapKit.framework in Frameworks */,
				B62D061014FF03840087D080 /* MobileCoreServices.framework in Frameworks */,
				B6DCB8BA14FC5BBD00ACE466 /* CoreLocation.framework in Frameworks */,
				B69FF3AE14E7619F00D68694 /* QuartzCore.framework in Frameworks */,
				B614401114E7546200D88B21 /* UIKit.framework in Frameworks */,
				B614401314E7546200D88B21 /* Foundation.framework in Frameworks */,
				B614401514E7546200D88B21 /* CoreGraphics.framework in Frameworks */,
				B634112214EF67210062C937 /* YAJLiOS.framework in Frameworks */,
			);
			runOnlyForDeploymentPostprocessing = 0;
		};
/* End PBXFrameworksBuildPhase section */

/* Begin PBXGroup section */
		B614400114E7546200D88B21 = {
			isa = PBXGroup;
			children = (
				B614401614E7546200D88B21 /* Respond */,
				B614400F14E7546200D88B21 /* Frameworks */,
				B614400D14E7546200D88B21 /* Products */,
			);
			sourceTree = "<group>";
		};
		B614400D14E7546200D88B21 /* Products */ = {
			isa = PBXGroup;
			children = (
				B614400C14E7546200D88B21 /* Respond.app */,
			);
			name = Products;
			sourceTree = "<group>";
		};
		B614400F14E7546200D88B21 /* Frameworks */ = {
			isa = PBXGroup;
			children = (
				B62D060F14FF03840087D080 /* MobileCoreServices.framework */,
				B6DCB8C614FC69D300ACE466 /* MapKit.framework */,
				B6DCB8B914FC5BBD00ACE466 /* CoreLocation.framework */,
				B634112114EF67210062C937 /* YAJLiOS.framework */,
				B69FF3AD14E7619F00D68694 /* QuartzCore.framework */,
				B69FF31614E75F3B00D68694 /* libThree20.a */,
				B69FF31714E75F3B00D68694 /* libThree20Network.a */,
				B69FF31814E75F3B00D68694 /* libThree20Style.a */,
				B69FF31914E75F3B00D68694 /* libThree20UI.a */,
				B69FF31A14E75F3B00D68694 /* libThree20UICommon.a */,
				B69FF31B14E75F3B00D68694 /* libThree20UINavigator.a */,
				B614401014E7546200D88B21 /* UIKit.framework */,
				B614401214E7546200D88B21 /* Foundation.framework */,
				B614401414E7546200D88B21 /* CoreGraphics.framework */,
			);
			name = Frameworks;
			sourceTree = "<group>";
		};
		B614401614E7546200D88B21 /* Respond */ = {
			isa = PBXGroup;
			children = (
				B67669AA1514401300A8EBC8 /* View Controllers */,
				B64EB5E614F02733002E1A8C /* MainStoryboard_iPhone.storyboard */,
				B62E262B1511A5BF008CF2C9 /* Entity Classes */,
				B67669A915143FCE00A8EBC8 /* Prototypes & Classes */,
				B66718EF14E9E209006007B7 /* Resources */,
				B614401F14E7546200D88B21 /* RespondAppDelegate.h */,
				B614402014E7546200D88B21 /* RespondAppDelegate.m */,
				B614401714E7546200D88B21 /* Supporting Files */,
			);
			path = Respond;
			sourceTree = "<group>";
		};
		B614401714E7546200D88B21 /* Supporting Files */ = {
			isa = PBXGroup;
			children = (
				B60DB171151E690E00707324 /* USStateAbbreviations.plist */,
				B6BEFC3C150840880079832C /* ConfigurationData.h */,
				B6BEFC3D150840880079832C /* ConfigurationData.m */,
				B614401814E7546200D88B21 /* Respond-Info.plist */,
				B614401914E7546200D88B21 /* InfoPlist.strings */,
				B614401C14E7546200D88B21 /* main.m */,
				B614401E14E7546200D88B21 /* Respond-Prefix.pch */,
				B6BEFC3A15083FD40079832C /* Configuration.plist */,
			);
			name = "Supporting Files";
			sourceTree = "<group>";
		};
		B62E262B1511A5BF008CF2C9 /* Entity Classes */ = {
			isa = PBXGroup;
			children = (
				B636F80E151537CC006BF89F /* Collections */,
				B636F80F151537D6006BF89F /* Entities */,
			);
			name = "Entity Classes";
			sourceTree = "<group>";
		};
		B636F80E151537CC006BF89F /* Collections */ = {
			isa = PBXGroup;
			children = (
				B67669AF15144E0B00A8EBC8 /* EntityCollection.h */,
				B67669B015144E0B00A8EBC8 /* EntityCollection.m */,
				B67669B21514509000A8EBC8 /* RequestEntityCollection.h */,
				B67669B31514509000A8EBC8 /* RequestEntityCollection.m */,
				B66F5B811515441100AF4825 /* ItemEntityCollection.h */,
				B66F5B821515441100AF4825 /* ItemEntityCollection.m */,
				B638C61D151832FA000977FF /* RequiredFormCollection.h */,
				B638C61E151832FA000977FF /* RequiredFormCollection.m */,
			);
			name = Collections;
			sourceTree = "<group>";
		};
		B636F80F151537D6006BF89F /* Entities */ = {
			isa = PBXGroup;
			children = (
				B62E262F1511A7B9008CF2C9 /* EntityBase.h */,
				B62E26301511A7B9008CF2C9 /* EntityBase.m */,
				B62E26281511A355008CF2C9 /* RequestEntity.h */,
				B62E26291511A355008CF2C9 /* RequestEntity.m */,
				B62E262C1511A62F008CF2C9 /* PropertyEntity.h */,
				B62E262D1511A62F008CF2C9 /* PropertyEntity.m */,
				B62E26321511AD0A008CF2C9 /* ItemEntity.h */,
				B62E26331511AD0A008CF2C9 /* ItemEntity.m */,
				B638C61A151831D0000977FF /* RequiredFormEntity.h */,
				B638C61B151831D0000977FF /* RequiredFormEntity.m */,
			);
			name = Entities;
			sourceTree = "<group>";
		};
		B66718EF14E9E209006007B7 /* Resources */ = {
			isa = PBXGroup;
			children = (
				B632AFCB15211B2E000DA100 /* camera-shoot.png */,
				B632AFC915211A17000DA100 /* gradient-header.png */,
				B61B4767150EF7A90009F8AE /* can-not-connect.png */,
				B696E621150AEAED001CC24E /* menu_image.png */,
				B6344BC015087DD2007046FB /* camera.png */,
				B6303A0A1501A185006E2122 /* warning.png */,
				B6DCB8B714FC5A1800ACE466 /* map-marker.png */,
				B67E89E614F8515500687B5E /* profile.png */,
				B67E89E414F850B700687B5E /* add.png */,
				B67E89E214F84F1E00687B5E /* todo.png */,
				B6E6CD6414F5C3A3009A061B /* landscape_ph.png */,
				B6AB4C1A14F09EDC003BA868 /* tag.png */,
				B64EB5ED14F04408002E1A8C /* add-26.png */,
				B69B57F714EC79B50048501D /* 03-loopback-96.png */,
				B69B57F814EC79B50048501D /* 20-gear-96.png */,
				B69B57F914EC79B50048501D /* 59-flag-96.png */,
				B69B57FA14EC79B50048501D /* 59-flag.png */,
				B69B57FB14EC79B50048501D /* check-96.png */,
				B69B57FC14EC79B50048501D /* clock-96.png */,
				B69B57FD14EC79B50048501D /* geoarrow-96.png */,
				B69B57FE14EC79B50048501D /* mailbox-96.png */,
				B69B57FF14EC79B50048501D /* profile-96.png */,
				B69B580014EC79B50048501D /* star-96.png */,
				B66718F214E9E40B006007B7 /* 20-gear2.png */,
				B66718F314E9E40B006007B7 /* 28-star.png */,
				B66718F014E9E26D006007B7 /* 19-gear.png */,
				B66718ED14E9E200006007B7 /* 03-loopback.png */,
			);
			name = Resources;
			sourceTree = "<group>";
		};
		B67669A915143FCE00A8EBC8 /* Prototypes & Classes */ = {
			isa = PBXGroup;
			children = (
				B6647FEC15392DCF009CFAA9 /* Base64.h */,
				B6647FED15392DCF009CFAA9 /* Base64.m */,
				B64EB5EF14F04C4B002E1A8C /* RespondConstants.h */,
				B64EB5F214F04D4C002E1A8C /* RespondConstants.m */,
				B6DCB8C314FC5DE800ACE466 /* PbCLClassController.h */,
				B6DCB8C414FC5DE800ACE466 /* PbCLClassController.m */,
				B637429F1513F282007C3167 /* PbConnectionDelegate.h */,
				B6BEFC3715082AB00079832C /* PbReceivesEntity.h */,
				B638C614151827D5000977FF /* PbReceivesDelimitedString.h */,
				B6295DCA1548F1B40079E54F /* PbAddressAnnotation.h */,
				B6295DCB1548F1B40079E54F /* PbAddressAnnotation.m */,
			);
			name = "Prototypes & Classes";
			sourceTree = "<group>";
		};
		B67669AA1514401300A8EBC8 /* View Controllers */ = {
			isa = PBXGroup;
			children = (
				B6DCB8C014FC5CD900ACE466 /* RespondNewViewController.h */,
				B6DCB8C114FC5CD900ACE466 /* RespondNewViewController.m */,
				B6C79872151662D600C7E6A0 /* RespondNewPickRequiredFormsViewController.h */,
				B6C79873151662D600C7E6A0 /* RespondNewPickRequiredFormsViewController.m */,
				B6E6CD5A14F5AD82009A061B /* RespondItemsViewController.h */,
				B6E6CD5B14F5AD82009A061B /* RespondItemsViewController.m */,
				B614402214E7546200D88B21 /* RespondHistoryViewController.h */,
				B614402314E7546200D88B21 /* RespondHistoryViewController.m */,
				B614402514E7546200D88B21 /* RespondHistoryDetailViewController.h */,
				B614402614E7546200D88B21 /* RespondHistoryDetailViewController.m */,
				B6E42893152BE4E600CA32C3 /* RespondMapViewController.h */,
				B6E42894152BE4E600CA32C3 /* RespondMapViewController.m */,
			);
			name = "View Controllers";
			sourceTree = "<group>";
		};
/* End PBXGroup section */

/* Begin PBXNativeTarget section */
		B614400B14E7546200D88B21 /* Respond */ = {
			isa = PBXNativeTarget;
			buildConfigurationList = B614403014E7546200D88B21 /* Build configuration list for PBXNativeTarget "Respond" */;
			buildPhases = (
				B614400814E7546200D88B21 /* Sources */,
				B614400914E7546200D88B21 /* Frameworks */,
				B614400A14E7546200D88B21 /* Resources */,
			);
			buildRules = (
			);
			dependencies = (
			);
			name = Respond;
			productName = Respond;
			productReference = B614400C14E7546200D88B21 /* Respond.app */;
			productType = "com.apple.product-type.application";
		};
/* End PBXNativeTarget section */

/* Begin PBXProject section */
		B614400314E7546200D88B21 /* Project object */ = {
			isa = PBXProject;
			attributes = {
				LastUpgradeCheck = 0420;
			};
			buildConfigurationList = B614400614E7546200D88B21 /* Build configuration list for PBXProject "Respond" */;
			compatibilityVersion = "Xcode 3.2";
			developmentRegion = English;
			hasScannedForEncodings = 0;
			knownRegions = (
				en,
			);
			mainGroup = B614400114E7546200D88B21;
			productRefGroup = B614400D14E7546200D88B21 /* Products */;
			projectDirPath = "";
			projectRoot = "";
			targets = (
				B614400B14E7546200D88B21 /* Respond */,
			);
		};
/* End PBXProject section */

/* Begin PBXResourcesBuildPhase section */
		B614400A14E7546200D88B21 /* Resources */ = {
			isa = PBXResourcesBuildPhase;
			buildActionMask = 2147483647;
			files = (
				B614401B14E7546200D88B21 /* InfoPlist.strings in Resources */,
				B66718EE14E9E200006007B7 /* 03-loopback.png in Resources */,
				B66718F114E9E26D006007B7 /* 19-gear.png in Resources */,
				B66718F414E9E40B006007B7 /* 20-gear2.png in Resources */,
				B66718F514E9E40B006007B7 /* 28-star.png in Resources */,
				B69B580114EC79B50048501D /* 03-loopback-96.png in Resources */,
				B69B580214EC79B50048501D /* 20-gear-96.png in Resources */,
				B69B580314EC79B50048501D /* 59-flag-96.png in Resources */,
				B69B580414EC79B50048501D /* 59-flag.png in Resources */,
				B69B580514EC79B50048501D /* check-96.png in Resources */,
				B69B580614EC79B50048501D /* clock-96.png in Resources */,
				B69B580714EC79B50048501D /* geoarrow-96.png in Resources */,
				B69B580814EC79B50048501D /* mailbox-96.png in Resources */,
				B69B580914EC79B50048501D /* profile-96.png in Resources */,
				B69B580A14EC79B50048501D /* star-96.png in Resources */,
				B64EB5E714F02733002E1A8C /* MainStoryboard_iPhone.storyboard in Resources */,
				B64EB5EE14F04408002E1A8C /* add-26.png in Resources */,
				B6AB4C1B14F09EDC003BA868 /* tag.png in Resources */,
				B6E6CD6514F5C3A3009A061B /* landscape_ph.png in Resources */,
				B67E89E314F84F1E00687B5E /* todo.png in Resources */,
				B67E89E514F850B700687B5E /* add.png in Resources */,
				B67E89E714F8515500687B5E /* profile.png in Resources */,
				B6DCB8B814FC5A1800ACE466 /* map-marker.png in Resources */,
				B6303A0B1501A185006E2122 /* warning.png in Resources */,
				B6BEFC3B15083FD40079832C /* Configuration.plist in Resources */,
				B6344BC115087DD2007046FB /* camera.png in Resources */,
				B696E622150AEAEE001CC24E /* menu_image.png in Resources */,
				B61B4768150EF7A90009F8AE /* can-not-connect.png in Resources */,
				B638C615151827D5000977FF /* PbReceivesDelimitedString.h in Resources */,
				B60DB172151E690F00707324 /* USStateAbbreviations.plist in Resources */,
				B632AFCA15211A17000DA100 /* gradient-header.png in Resources */,
				B632AFCC15211B2E000DA100 /* camera-shoot.png in Resources */,
			);
			runOnlyForDeploymentPostprocessing = 0;
		};
/* End PBXResourcesBuildPhase section */

/* Begin PBXSourcesBuildPhase section */
		B614400814E7546200D88B21 /* Sources */ = {
			isa = PBXSourcesBuildPhase;
			buildActionMask = 2147483647;
			files = (
				B614401D14E7546200D88B21 /* main.m in Sources */,
				B614402114E7546200D88B21 /* RespondAppDelegate.m in Sources */,
				B614402414E7546200D88B21 /* RespondHistoryViewController.m in Sources */,
				B614402714E7546200D88B21 /* RespondHistoryDetailViewController.m in Sources */,
				B64EB5F314F04D4C002E1A8C /* RespondConstants.m in Sources */,
				B6E6CD5C14F5AD82009A061B /* RespondItemsViewController.m in Sources */,
				B6DCB8C214FC5CD900ACE466 /* RespondNewViewController.m in Sources */,
				B6DCB8C514FC5DE800ACE466 /* PbCLClassController.m in Sources */,
				B6BEFC3E150840880079832C /* ConfigurationData.m in Sources */,
				B62E262A1511A355008CF2C9 /* RequestEntity.m in Sources */,
				B62E262E1511A62F008CF2C9 /* PropertyEntity.m in Sources */,
				B62E26311511A7B9008CF2C9 /* EntityBase.m in Sources */,
				B62E26341511AD0B008CF2C9 /* ItemEntity.m in Sources */,
				B67669B115144E0B00A8EBC8 /* EntityCollection.m in Sources */,
				B67669B41514509000A8EBC8 /* RequestEntityCollection.m in Sources */,
				B66F5B831515441100AF4825 /* ItemEntityCollection.m in Sources */,
				B6C79874151662D600C7E6A0 /* RespondNewPickRequiredFormsViewController.m in Sources */,
				B638C61C151831D0000977FF /* RequiredFormEntity.m in Sources */,
				B638C61F151832FA000977FF /* RequiredFormCollection.m in Sources */,
				B6E42895152BE4E600CA32C3 /* RespondMapViewController.m in Sources */,
				B6647FEE15392DCF009CFAA9 /* Base64.m in Sources */,
				B6295DCC1548F1B40079E54F /* PbAddressAnnotation.m in Sources */,
			);
			runOnlyForDeploymentPostprocessing = 0;
		};
/* End PBXSourcesBuildPhase section */

/* Begin PBXVariantGroup section */
		B614401914E7546200D88B21 /* InfoPlist.strings */ = {
			isa = PBXVariantGroup;
			children = (
				B614401A14E7546200D88B21 /* en */,
			);
			name = InfoPlist.strings;
			sourceTree = "<group>";
		};
/* End PBXVariantGroup section */

/* Begin XCBuildConfiguration section */
		B614402E14E7546200D88B21 /* Debug */ = {
			isa = XCBuildConfiguration;
			buildSettings = {
				ALWAYS_SEARCH_USER_PATHS = NO;
				ARCHS = "$(ARCHS_STANDARD_32_BIT)";
				CLANG_ENABLE_OBJC_ARC = YES;
				"CODE_SIGN_IDENTITY[sdk=iphoneos*]" = "iPhone Developer";
				COPY_PHASE_STRIP = NO;
				GCC_C_LANGUAGE_STANDARD = gnu99;
				GCC_DYNAMIC_NO_PIC = NO;
				GCC_OPTIMIZATION_LEVEL = 0;
				GCC_PREPROCESSOR_DEFINITIONS = (
					"DEBUG=1",
					"$(inherited)",
				);
				GCC_SYMBOLS_PRIVATE_EXTERN = NO;
				GCC_VERSION = com.apple.compilers.llvm.clang.1_0;
				GCC_WARN_ABOUT_MISSING_PROTOTYPES = YES;
				GCC_WARN_ABOUT_RETURN_TYPE = YES;
				GCC_WARN_UNUSED_VARIABLE = YES;
				IPHONEOS_DEPLOYMENT_TARGET = 5.0;
				SDKROOT = iphoneos;
			};
			name = Debug;
		};
		B614402F14E7546200D88B21 /* Release */ = {
			isa = XCBuildConfiguration;
			buildSettings = {
				ALWAYS_SEARCH_USER_PATHS = NO;
				ARCHS = "$(ARCHS_STANDARD_32_BIT)";
				CLANG_ENABLE_OBJC_ARC = YES;
				"CODE_SIGN_IDENTITY[sdk=iphoneos*]" = "iPhone Developer";
				COPY_PHASE_STRIP = YES;
				GCC_C_LANGUAGE_STANDARD = gnu99;
				GCC_VERSION = com.apple.compilers.llvm.clang.1_0;
				GCC_WARN_ABOUT_MISSING_PROTOTYPES = YES;
				GCC_WARN_ABOUT_RETURN_TYPE = YES;
				GCC_WARN_UNUSED_VARIABLE = YES;
				IPHONEOS_DEPLOYMENT_TARGET = 5.0;
				OTHER_CFLAGS = "-DNS_BLOCK_ASSERTIONS=1";
				SDKROOT = iphoneos;
				VALIDATE_PRODUCT = YES;
			};
			name = Release;
		};
		B614403114E7546200D88B21 /* Debug */ = {
			isa = XCBuildConfiguration;
			buildSettings = {
				FRAMEWORK_SEARCH_PATHS = (
					../,
					"$(inherited)",
					"\"$(SRCROOT)/Respond/Frameworks\"",
					"\"$(SRCROOT)\"",
				);
				GCC_PRECOMPILE_PREFIX_HEADER = YES;
				GCC_PREFIX_HEADER = "Respond/Respond-Prefix.pch";
				HEADER_SEARCH_PATHS = (
					../three20/Build/Products/three20,
					../../frameworks/three20/Build/Products/three20,
					"$(BUILT_PRODUCTS_DIR)/../three20",
					"$(BUILT_PRODUCTS_DIR)/../../three20",
					../frameworks/three20/Build/Products/three20,
				);
				INFOPLIST_FILE = "Respond/Respond-Info.plist";
				LD_RUNPATH_SEARCH_PATHS = "";
				LIBRARY_SEARCH_PATHS = (
					"$(inherited)",
					"\"$(SRCROOT)/../Build/Products/Release-iphoneos\"",
				);
				OTHER_LDFLAGS = (
					"-all_load",
					"-ObjC",
				);
				PRODUCT_NAME = "$(TARGET_NAME)";
				TARGETED_DEVICE_FAMILY = 1;
				WRAPPER_EXTENSION = app;
			};
			name = Debug;
		};
		B614403214E7546200D88B21 /* Release */ = {
			isa = XCBuildConfiguration;
			buildSettings = {
				FRAMEWORK_SEARCH_PATHS = (
					../,
					"$(inherited)",
					"\"$(SRCROOT)/Respond/Frameworks\"",
					"\"$(SRCROOT)\"",
				);
				GCC_PRECOMPILE_PREFIX_HEADER = YES;
				GCC_PREFIX_HEADER = "Respond/Respond-Prefix.pch";
				HEADER_SEARCH_PATHS = ../Three20/Build/Products/Three20;
				INFOPLIST_FILE = "Respond/Respond-Info.plist";
				LD_RUNPATH_SEARCH_PATHS = "";
				LIBRARY_SEARCH_PATHS = (
					"$(inherited)",
					"\"$(SRCROOT)/../Build/Products/Release-iphoneos\"",
				);
				OTHER_LDFLAGS = (
					"-all_load",
					"-ObjC",
				);
				PRODUCT_NAME = "$(TARGET_NAME)";
				TARGETED_DEVICE_FAMILY = 1;
				WRAPPER_EXTENSION = app;
			};
			name = Release;
		};
/* End XCBuildConfiguration section */

/* Begin XCConfigurationList section */
		B614400614E7546200D88B21 /* Build configuration list for PBXProject "Respond" */ = {
			isa = XCConfigurationList;
			buildConfigurations = (
				B614402E14E7546200D88B21 /* Debug */,
				B614402F14E7546200D88B21 /* Release */,
			);
			defaultConfigurationIsVisible = 0;
			defaultConfigurationName = Release;
		};
		B614403014E7546200D88B21 /* Build configuration list for PBXNativeTarget "Respond" */ = {
			isa = XCConfigurationList;
			buildConfigurations = (
				B614403114E7546200D88B21 /* Debug */,
				B614403214E7546200D88B21 /* Release */,
			);
			defaultConfigurationIsVisible = 0;
			defaultConfigurationName = Release;
		};
/* End XCConfigurationList section */
	};
	rootObject = B614400314E7546200D88B21 /* Project object */;
}
