// !$*UTF8*$!
{
	archiveVersion = 1;
	classes = {
	};
	objectVersion = 46;
	objects = {

/* Begin PBXBuildFile section */
		B614401114E7546200D88B21 /* UIKit.framework in Frameworks */ = {isa = PBXBuildFile; fileRef = B614401014E7546200D88B21 /* UIKit.framework */; };
		B614401314E7546200D88B21 /* Foundation.framework in Frameworks */ = {isa = PBXBuildFile; fileRef = B614401214E7546200D88B21 /* Foundation.framework */; };
		B614401514E7546200D88B21 /* CoreGraphics.framework in Frameworks */ = {isa = PBXBuildFile; fileRef = B614401414E7546200D88B21 /* CoreGraphics.framework */; };
		B614401B14E7546200D88B21 /* InfoPlist.strings in Resources */ = {isa = PBXBuildFile; fileRef = B614401914E7546200D88B21 /* InfoPlist.strings */; };
		B614401D14E7546200D88B21 /* main.m in Sources */ = {isa = PBXBuildFile; fileRef = B614401C14E7546200D88B21 /* main.m */; };
		B614402114E7546200D88B21 /* RespondAppDelegate.m in Sources */ = {isa = PBXBuildFile; fileRef = B614402014E7546200D88B21 /* RespondAppDelegate.m */; };
		B614402414E7546200D88B21 /* RespondMasterViewController.m in Sources */ = {isa = PBXBuildFile; fileRef = B614402314E7546200D88B21 /* RespondMasterViewController.m */; };
		B614402714E7546200D88B21 /* RespondDetailViewController.m in Sources */ = {isa = PBXBuildFile; fileRef = B614402614E7546200D88B21 /* RespondDetailViewController.m */; };
		B614402A14E7546200D88B21 /* RespondMasterViewController.xib in Resources */ = {isa = PBXBuildFile; fileRef = B614402814E7546200D88B21 /* RespondMasterViewController.xib */; };
		B614402D14E7546200D88B21 /* RespondDetailViewController.xib in Resources */ = {isa = PBXBuildFile; fileRef = B614402B14E7546200D88B21 /* RespondDetailViewController.xib */; };
/* End PBXBuildFile section */

/* Begin PBXFileReference section */
		B614400C14E7546200D88B21 /* Respond.app */ = {isa = PBXFileReference; explicitFileType = wrapper.application; includeInIndex = 0; path = Respond.app; sourceTree = BUILT_PRODUCTS_DIR; };
		B614401014E7546200D88B21 /* UIKit.framework */ = {isa = PBXFileReference; lastKnownFileType = wrapper.framework; name = UIKit.framework; path = System/Library/Frameworks/UIKit.framework; sourceTree = SDKROOT; };
		B614401214E7546200D88B21 /* Foundation.framework */ = {isa = PBXFileReference; lastKnownFileType = wrapper.framework; name = Foundation.framework; path = System/Library/Frameworks/Foundation.framework; sourceTree = SDKROOT; };
		B614401414E7546200D88B21 /* CoreGraphics.framework */ = {isa = PBXFileReference; lastKnownFileType = wrapper.framework; name = CoreGraphics.framework; path = System/Library/Frameworks/CoreGraphics.framework; sourceTree = SDKROOT; };
		B614401814E7546200D88B21 /* Respond-Info.plist */ = {isa = PBXFileReference; path = "Respond-Info.plist"; sourceTree = "<group>"; };
		B614401A14E7546200D88B21 /* en */ = {isa = PBXFileReference; lastKnownFileType = text.plist.strings; name = en; path = en.lproj/InfoPlist.strings; sourceTree = "<group>"; };
		B614401C14E7546200D88B21 /* main.m */ = {isa = PBXFileReference; lastKnownFileType = sourcecode.c.objc; path = main.m; sourceTree = "<group>"; };
		B614401E14E7546200D88B21 /* Respond-Prefix.pch */ = {isa = PBXFileReference; path = "Respond-Prefix.pch"; sourceTree = "<group>"; };
		B614401F14E7546200D88B21 /* RespondAppDelegate.h */ = {isa = PBXFileReference; path = RespondAppDelegate.h; sourceTree = "<group>"; };
		B614402014E7546200D88B21 /* RespondAppDelegate.m */ = {isa = PBXFileReference; lastKnownFileType = sourcecode.c.objc; path = RespondAppDelegate.m; sourceTree = "<group>"; };
		B614402214E7546200D88B21 /* RespondMasterViewController.h */ = {isa = PBXFileReference; path = RespondMasterViewController.h; sourceTree = "<group>"; };
		B614402314E7546200D88B21 /* RespondMasterViewController.m */ = {isa = PBXFileReference; lastKnownFileType = sourcecode.c.objc; path = RespondMasterViewController.m; sourceTree = "<group>"; };
		B614402514E7546200D88B21 /* RespondDetailViewController.h */ = {isa = PBXFileReference; path = RespondDetailViewController.h; sourceTree = "<group>"; };
		B614402614E7546200D88B21 /* RespondDetailViewController.m */ = {isa = PBXFileReference; lastKnownFileType = sourcecode.c.objc; path = RespondDetailViewController.m; sourceTree = "<group>"; };
		B614402914E7546200D88B21 /* en */ = {isa = PBXFileReference; lastKnownFileType = file.xib; name = en; path = en.lproj/RespondMasterViewController.xib; sourceTree = "<group>"; };
		B614402C14E7546200D88B21 /* en */ = {isa = PBXFileReference; lastKnownFileType = file.xib; name = en; path = en.lproj/RespondDetailViewController.xib; sourceTree = "<group>"; };
/* End PBXFileReference section */

/* Begin PBXFrameworksBuildPhase section */
		B614400914E7546200D88B21 /* Frameworks */ = {
			isa = PBXFrameworksBuildPhase;
			buildActionMask = 2147483647;
			files = (
				B614401114E7546200D88B21 /* UIKit.framework in Frameworks */,
				B614401314E7546200D88B21 /* Foundation.framework in Frameworks */,
				B614401514E7546200D88B21 /* CoreGraphics.framework in Frameworks */,
			);
			runOnlyForDeploymentPostprocessing = 0;
		};
/* End PBXFrameworksBuildPhase section */

/* Begin PBXGroup section */
		B614400114E7546200D88B21 = {
			isa = PBXGroup;
			children = (
				B614401614E7546200D88B21 /* Respond */,
				B614400F14E7546200D88B21 /* Frameworks */,
				B614400D14E7546200D88B21 /* Products */,
			);
			sourceTree = "<group>";
		};
		B614400D14E7546200D88B21 /* Products */ = {
			isa = PBXGroup;
			children = (
				B614400C14E7546200D88B21 /* Respond.app */,
			);
			name = Products;
			sourceTree = "<group>";
		};
		B614400F14E7546200D88B21 /* Frameworks */ = {
			isa = PBXGroup;
			children = (
				B614401014E7546200D88B21 /* UIKit.framework */,
				B614401214E7546200D88B21 /* Foundation.framework */,
				B614401414E7546200D88B21 /* CoreGraphics.framework */,
			);
			name = Frameworks;
			sourceTree = "<group>";
		};
		B614401614E7546200D88B21 /* Respond */ = {
			isa = PBXGroup;
			children = (
				B614401F14E7546200D88B21 /* RespondAppDelegate.h */,
				B614402014E7546200D88B21 /* RespondAppDelegate.m */,
				B614402214E7546200D88B21 /* RespondMasterViewController.h */,
				B614402314E7546200D88B21 /* RespondMasterViewController.m */,
				B614402514E7546200D88B21 /* RespondDetailViewController.h */,
				B614402614E7546200D88B21 /* RespondDetailViewController.m */,
				B614402814E7546200D88B21 /* RespondMasterViewController.xib */,
				B614402B14E7546200D88B21 /* RespondDetailViewController.xib */,
				B614401714E7546200D88B21 /* Supporting Files */,
			);
			path = Respond;
			sourceTree = "<group>";
		};
		B614401714E7546200D88B21 /* Supporting Files */ = {
			isa = PBXGroup;
			children = (
				B614401814E7546200D88B21 /* Respond-Info.plist */,
				B614401914E7546200D88B21 /* InfoPlist.strings */,
				B614401C14E7546200D88B21 /* main.m */,
				B614401E14E7546200D88B21 /* Respond-Prefix.pch */,
			);
			name = "Supporting Files";
			sourceTree = "<group>";
		};
/* End PBXGroup section */

/* Begin PBXNativeTarget section */
		B614400B14E7546200D88B21 /* Respond */ = {
			isa = PBXNativeTarget;
			buildConfigurationList = B614403014E7546200D88B21 /* Build configuration list for PBXNativeTarget "Respond" */;
			buildPhases = (
				B614400814E7546200D88B21 /* Sources */,
				B614400914E7546200D88B21 /* Frameworks */,
				B614400A14E7546200D88B21 /* Resources */,
			);
			buildRules = (
			);
			dependencies = (
			);
			name = Respond;
			productName = Respond;
			productReference = B614400C14E7546200D88B21 /* Respond.app */;
			productType = "com.apple.product-type.application";
		};
/* End PBXNativeTarget section */

/* Begin PBXProject section */
		B614400314E7546200D88B21 /* Project object */ = {
			isa = PBXProject;
			attributes = {
				LastUpgradeCheck = 0420;
			};
			buildConfigurationList = B614400614E7546200D88B21 /* Build configuration list for PBXProject "Respond" */;
			compatibilityVersion = "Xcode 3.2";
			developmentRegion = English;
			hasScannedForEncodings = 0;
			knownRegions = (
				en,
			);
			mainGroup = B614400114E7546200D88B21;
			productRefGroup = B614400D14E7546200D88B21 /* Products */;
			projectDirPath = "";
			projectRoot = "";
			targets = (
				B614400B14E7546200D88B21 /* Respond */,
			);
		};
/* End PBXProject section */

/* Begin PBXResourcesBuildPhase section */
		B614400A14E7546200D88B21 /* Resources */ = {
			isa = PBXResourcesBuildPhase;
			buildActionMask = 2147483647;
			files = (
				B614401B14E7546200D88B21 /* InfoPlist.strings in Resources */,
				B614402A14E7546200D88B21 /* RespondMasterViewController.xib in Resources */,
				B614402D14E7546200D88B21 /* RespondDetailViewController.xib in Resources */,
			);
			runOnlyForDeploymentPostprocessing = 0;
		};
/* End PBXResourcesBuildPhase section */

/* Begin PBXSourcesBuildPhase section */
		B614400814E7546200D88B21 /* Sources */ = {
			isa = PBXSourcesBuildPhase;
			buildActionMask = 2147483647;
			files = (
				B614401D14E7546200D88B21 /* main.m in Sources */,
				B614402114E7546200D88B21 /* RespondAppDelegate.m in Sources */,
				B614402414E7546200D88B21 /* RespondMasterViewController.m in Sources */,
				B614402714E7546200D88B21 /* RespondDetailViewController.m in Sources */,
			);
			runOnlyForDeploymentPostprocessing = 0;
		};
/* End PBXSourcesBuildPhase section */

/* Begin PBXVariantGroup section */
		B614401914E7546200D88B21 /* InfoPlist.strings */ = {
			isa = PBXVariantGroup;
			children = (
				B614401A14E7546200D88B21 /* en */,
			);
			name = InfoPlist.strings;
			sourceTree = "<group>";
		};
		B614402814E7546200D88B21 /* RespondMasterViewController.xib */ = {
			isa = PBXVariantGroup;
			children = (
				B614402914E7546200D88B21 /* en */,
			);
			name = RespondMasterViewController.xib;
			sourceTree = "<group>";
		};
		B614402B14E7546200D88B21 /* RespondDetailViewController.xib */ = {
			isa = PBXVariantGroup;
			children = (
				B614402C14E7546200D88B21 /* en */,
			);
			name = RespondDetailViewController.xib;
			sourceTree = "<group>";
		};
/* End PBXVariantGroup section */

/* Begin XCBuildConfiguration section */
		B614402E14E7546200D88B21 /* Debug */ = {
			isa = XCBuildConfiguration;
			buildSettings = {
				ALWAYS_SEARCH_USER_PATHS = NO;
				ARCHS = "$(ARCHS_STANDARD_32_BIT)";
				CLANG_ENABLE_OBJC_ARC = YES;
				"CODE_SIGN_IDENTITY[sdk=iphoneos*]" = "iPhone Developer";
				COPY_PHASE_STRIP = NO;
				GCC_C_LANGUAGE_STANDARD = gnu99;
				GCC_DYNAMIC_NO_PIC = NO;
				GCC_OPTIMIZATION_LEVEL = 0;
				GCC_PREPROCESSOR_DEFINITIONS = (
					"DEBUG=1",
					"$(inherited)",
				);
				GCC_SYMBOLS_PRIVATE_EXTERN = NO;
				GCC_VERSION = com.apple.compilers.llvm.clang.1_0;
				GCC_WARN_ABOUT_MISSING_PROTOTYPES = YES;
				GCC_WARN_ABOUT_RETURN_TYPE = YES;
				GCC_WARN_UNUSED_VARIABLE = YES;
				IPHONEOS_DEPLOYMENT_TARGET = 5.0;
				SDKROOT = iphoneos;
			};
			name = Debug;
		};
		B614402F14E7546200D88B21 /* Release */ = {
			isa = XCBuildConfiguration;
			buildSettings = {
				ALWAYS_SEARCH_USER_PATHS = NO;
				ARCHS = "$(ARCHS_STANDARD_32_BIT)";
				CLANG_ENABLE_OBJC_ARC = YES;
				"CODE_SIGN_IDENTITY[sdk=iphoneos*]" = "iPhone Developer";
				COPY_PHASE_STRIP = YES;
				GCC_C_LANGUAGE_STANDARD = gnu99;
				GCC_VERSION = com.apple.compilers.llvm.clang.1_0;
				GCC_WARN_ABOUT_MISSING_PROTOTYPES = YES;
				GCC_WARN_ABOUT_RETURN_TYPE = YES;
				GCC_WARN_UNUSED_VARIABLE = YES;
				IPHONEOS_DEPLOYMENT_TARGET = 5.0;
				OTHER_CFLAGS = "-DNS_BLOCK_ASSERTIONS=1";
				SDKROOT = iphoneos;
				VALIDATE_PRODUCT = YES;
			};
			name = Release;
		};
		B614403114E7546200D88B21 /* Debug */ = {
			isa = XCBuildConfiguration;
			buildSettings = {
				GCC_PRECOMPILE_PREFIX_HEADER = YES;
				GCC_PREFIX_HEADER = "Respond/Respond-Prefix.pch";
				INFOPLIST_FILE = "Respond/Respond-Info.plist";
				PRODUCT_NAME = "$(TARGET_NAME)";
				WRAPPER_EXTENSION = app;
			};
			name = Debug;
		};
		B614403214E7546200D88B21 /* Release */ = {
			isa = XCBuildConfiguration;
			buildSettings = {
				GCC_PRECOMPILE_PREFIX_HEADER = YES;
				GCC_PREFIX_HEADER = "Respond/Respond-Prefix.pch";
				INFOPLIST_FILE = "Respond/Respond-Info.plist";
				PRODUCT_NAME = "$(TARGET_NAME)";
				WRAPPER_EXTENSION = app;
			};
			name = Release;
		};
/* End XCBuildConfiguration section */

/* Begin XCConfigurationList section */
		B614400614E7546200D88B21 /* Build configuration list for PBXProject "Respond" */ = {
			isa = XCConfigurationList;
			buildConfigurations = (
				B614402E14E7546200D88B21 /* Debug */,
				B614402F14E7546200D88B21 /* Release */,
			);
			defaultConfigurationIsVisible = 0;
			defaultConfigurationName = Release;
		};
		B614403014E7546200D88B21 /* Build configuration list for PBXNativeTarget "Respond" */ = {
			isa = XCConfigurationList;
			buildConfigurations = (
				B614403114E7546200D88B21 /* Debug */,
				B614403214E7546200D88B21 /* Release */,
			);
			defaultConfigurationIsVisible = 0;
		};
/* End XCConfigurationList section */
	};
	rootObject = B614400314E7546200D88B21 /* Project object */;
}
